
Microsoft Visual Studio Solution File, Format Version 12.00
# Visual Studio Version 17
VisualStudioVersion = 17.12.35323.107
MinimumVisualStudioVersion = 10.0.40219.1
Project("{FAE04EC0-301F-11D3-BF4B-00C04F79EFBC}") = "Mowag_Academy.Client", "Mowag_Academy.Client\Mowag_Academy.Client.csproj", "{CD0055E7-D039-4078-8C1E-6050DEF596A5}"
EndProject
Project("{FAE04EC0-301F-11D3-BF4B-00C04F79EFBC}") = "Mowag_Academy.Server", "Mowag_Academy.Server\Mowag_Academy.Server.csproj", "{4323155A-C531-4FB7-8258-8F25A3923739}"
EndProject
Project("{FAE04EC0-301F-11D3-BF4B-00C04F79EFBC}") = "Mowag_Academy.Shared", "Mowag_Academy.Shared\Mowag_Academy.Shared.csproj", "{B97026BB-F13F-4950-9B29-6175AAD9CC16}"
EndProject
Global
	GlobalSection(SolutionConfigurationPlatforms) = preSolution
		Debug|Any CPU = Debug|Any CPU
		Release|Any CPU = Release|Any CPU
	EndGlobalSection
	GlobalSection(ProjectConfigurationPlatforms) = postSolution
		{CD0055E7-D039-4078-8C1E-6050DEF596A5}.Debug|Any CPU.ActiveCfg = Debug|Any CPU
		{CD0055E7-D039-4078-8C1E-6050DEF596A5}.Debug|Any CPU.Build.0 = Debug|Any CPU
		{CD0055E7-D039-4078-8C1E-6050DEF596A5}.Release|Any CPU.ActiveCfg = Release|Any CPU
		{CD0055E7-D039-4078-8C1E-6050DEF596A5}.Release|Any CPU.Build.0 = Release|Any CPU
		{4323155A-C531-4FB7-8258-8F25A3923739}.Debug|Any CPU.ActiveCfg = Debug|Any CPU
		{4323155A-C531-4FB7-8258-8F25A3923739}.Debug|Any CPU.Build.0 = Debug|Any CPU
		{4323155A-C531-4FB7-8258-8F25A3923739}.Release|Any CPU.ActiveCfg = Release|Any CPU
		{4323155A-C531-4FB7-8258-8F25A3923739}.Release|Any CPU.Build.0 = Release|Any CPU
		{B97026BB-F13F-4950-9B29-6175AAD9CC16}.Debug|Any CPU.ActiveCfg = Debug|Any CPU
		{B97026BB-F13F-4950-9B29-6175AAD9CC16}.Debug|Any CPU.Build.0 = Debug|Any CPU
		{B97026BB-F13F-4950-9B29-6175AAD9CC16}.Release|Any CPU.ActiveCfg = Release|Any CPU
		{B97026BB-F13F-4950-9B29-6175AAD9CC16}.Release|Any CPU.Build.0 = Release|Any CPU
	EndGlobalSection
	GlobalSection(SolutionProperties) = preSolution
		HideSolutionNode = FALSE
	EndGlobalSection
	GlobalSection(ExtensibilityGlobals) = postSolution
		SolutionGuid = {A329D859-91BE-4E8C-BC20-F223D6B50E46}
	EndGlobalSection
EndGlobal
